Microsoft Visual Studio Solution File, Format Version 8.00
Project("{FAE04EC0-301F-11D3-BF4B-00C04F79EFBC}") = "SetArchive", "SetArchive.csproj", "{02A39741-8063-4878-A3EF-DAFF91F0E692}"
	ProjectSection(ProjectDependencies) = postProject
	EndProjectSection
EndProject
Global
	GlobalSection(SolutionConfiguration) = preSolution
		Debug = Debug
		Release = Release
	EndGlobalSection
	GlobalSection(ProjectConfiguration) = postSolution
		{02A39741-8063-4878-A3EF-DAFF91F0E692}.Debug.ActiveCfg = Debug|.NET
		{02A39741-8063-4878-A3EF-DAFF91F0E692}.Debug.Build.0 = Debug|.NET
		{02A39741-8063-4878-A3EF-DAFF91F0E692}.Release.ActiveCfg = Release|.NET
		{02A39741-8063-4878-A3EF-DAFF91F0E692}.Release.Build.0 = Release|.NET
	EndGlobalSection
	GlobalSection(ExtensibilityGlobals) = postSolution
	EndGlobalSection
	GlobalSection(ExtensibilityAddIns) = postSolution
	EndGlobalSection
EndGlobal
